
Microsoft Visual Studio Solution File, Format Version 12.00
# Visual Studio 14
VisualStudioVersion = 14.0.25420.1
MinimumVisualStudioVersion = 10.0.40219.1
Project("{FAE04EC0-301F-11D3-BF4B-00C04F79EFBC}") = "MenuDatabase", "MenuDatabase\MenuDatabase.csproj", "{88B389AF-4AD7-4A15-A7A5-BB1371DF6C9E}"
EndProject
Project("{FAE04EC0-301F-11D3-BF4B-00C04F79EFBC}") = "MenuDatabase.Tests", "MenuDatabase.Tests\MenuDatabase.Tests.csproj", "{39501DEE-14B5-4D77-BB5F-9330E4F0F7D9}"
EndProject
Global
	GlobalSection(SolutionConfigurationPlatforms) = preSolution
		Debug|Any CPU = Debug|Any CPU
		Release|Any CPU = Release|Any CPU
	EndGlobalSection
	GlobalSection(ProjectConfigurationPlatforms) = postSolution
		{88B389AF-4AD7-4A15-A7A5-BB1371DF6C9E}.Debug|Any CPU.ActiveCfg = Debug|Any CPU
		{88B389AF-4AD7-4A15-A7A5-BB1371DF6C9E}.Debug|Any CPU.Build.0 = Debug|Any CPU
		{88B389AF-4AD7-4A15-A7A5-BB1371DF6C9E}.Release|Any CPU.ActiveCfg = Release|Any CPU
		{88B389AF-4AD7-4A15-A7A5-BB1371DF6C9E}.Release|Any CPU.Build.0 = Release|Any CPU
		{39501DEE-14B5-4D77-BB5F-9330E4F0F7D9}.Debug|Any CPU.ActiveCfg = Debug|Any CPU
		{39501DEE-14B5-4D77-BB5F-9330E4F0F7D9}.Debug|Any CPU.Build.0 = Debug|Any CPU
		{39501DEE-14B5-4D77-BB5F-9330E4F0F7D9}.Release|Any CPU.ActiveCfg = Release|Any CPU
		{39501DEE-14B5-4D77-BB5F-9330E4F0F7D9}.Release|Any CPU.Build.0 = Release|Any CPU
	EndGlobalSection
	GlobalSection(SolutionProperties) = preSolution
		HideSolutionNode = FALSE
	EndGlobalSection
EndGlobal
